
Microsoft Visual Studio Solution File, Format Version 12.00
# Visual Studio Version 17
VisualStudioVersion = 17.10.34928.147
MinimumVisualStudioVersion = 10.0.40219.1
Project("{2150E333-8FDC-42A3-9474-1A3956D46DE8}") = "00.Frontend", "00.Frontend", "{96735359-EC60-4A0F-AD11-E85F84D4BBBB}"
EndProject
Project("{2150E333-8FDC-42A3-9474-1A3956D46DE8}") = "01.Services", "01.Services", "{1D898EB9-C526-4454-9EA0-DBA2AEF04FA6}"
EndProject
Project("{2150E333-8FDC-42A3-9474-1A3956D46DE8}") = "02.Gateway", "02.Gateway", "{AB259AE8-B9FE-4ACF-8998-9112FF02B249}"
EndProject
Project("{2150E333-8FDC-42A3-9474-1A3956D46DE8}") = "03.Integration", "03.Integration", "{79C22248-18D0-45D8-92CD-98532DFDFD77}"
EndProject
Project("{9A19103F-16F7-4668-BE54-9A1E7A4F7556}") = "Mango.Services.CouponAPI", "Mango.Services.CouponAPI\Mango.Services.CouponAPI.csproj", "{4105179B-4AEB-4D08-911B-3F736598178B}"
EndProject
Project("{9A19103F-16F7-4668-BE54-9A1E7A4F7556}") = "Mango.Web", "Mango.Web\Mango.Web.csproj", "{5C79ADED-0BFA-41DB-8E9E-BE0ECEFB6A94}"
EndProject
Project("{9A19103F-16F7-4668-BE54-9A1E7A4F7556}") = "Mango.Services.AuthAPI", "Mango.Services.AuthAPI\Mango.Services.AuthAPI.csproj", "{D06746BB-554F-45A7-BC67-5C9080995EF5}"
EndProject
Project("{9A19103F-16F7-4668-BE54-9A1E7A4F7556}") = "Mango.Services.ProductAPI", "Mango.Services.ProductAPI\Mango.Services.ProductAPI.csproj", "{6B28851B-AB42-46F4-966F-A71CC8EBFD41}"
EndProject
Project("{9A19103F-16F7-4668-BE54-9A1E7A4F7556}") = "Mango.Services.ShoppingCartApi", "Mango.Services.ShoppingCartApi\Mango.Services.ShoppingCartApi.csproj", "{D574E3CD-B4F8-45E5-8200-C08283ACAA0E}"
EndProject
Project("{9A19103F-16F7-4668-BE54-9A1E7A4F7556}") = "Mango.MessageBus", "Mango.MessageBus\Mango.MessageBus.csproj", "{DE595A06-B97A-44FA-B23F-F0C5C4B9161B}"
EndProject
Project("{9A19103F-16F7-4668-BE54-9A1E7A4F7556}") = "Mango.Services.EmailApi", "Mango.Services.EmailApi\Mango.Services.EmailApi.csproj", "{D725ECDF-2EF1-4123-BCC3-3F080F12B18E}"
EndProject
Project("{9A19103F-16F7-4668-BE54-9A1E7A4F7556}") = "Mango.Services.OrderApi", "Mango.Services.OrderApi\Mango.Services.OrderApi.csproj", "{68E29C55-693F-4E33-8F7C-7C2CD27A9F8F}"
EndProject
Project("{9A19103F-16F7-4668-BE54-9A1E7A4F7556}") = "Mango.Services.RewardApi", "Mango.Services.RewardApi\Mango.Services.RewardApi.csproj", "{806197AE-163A-40B2-9413-B2C08F14DA1B}"
EndProject
Project("{2150E333-8FDC-42A3-9474-1A3956D46DE8}") = "04.Gateway", "04.Gateway", "{94B354C8-1B1D-4A46-A7B0-A85D15C8404E}"
EndProject
Project("{FAE04EC0-301F-11D3-BF4B-00C04F79EFBC}") = "Mango.GatewaySolution", "Mango.GatewaySolution\Mango.GatewaySolution.csproj", "{575D5E5E-3171-4FFD-9F23-D69BD969DD94}"
EndProject
Global
	GlobalSection(SolutionConfigurationPlatforms) = preSolution
		Debug|Any CPU = Debug|Any CPU
		Release|Any CPU = Release|Any CPU
	EndGlobalSection
	GlobalSection(ProjectConfigurationPlatforms) = postSolution
		{4105179B-4AEB-4D08-911B-3F736598178B}.Debug|Any CPU.ActiveCfg = Debug|Any CPU
		{4105179B-4AEB-4D08-911B-3F736598178B}.Debug|Any CPU.Build.0 = Debug|Any CPU
		{4105179B-4AEB-4D08-911B-3F736598178B}.Release|Any CPU.ActiveCfg = Release|Any CPU
		{4105179B-4AEB-4D08-911B-3F736598178B}.Release|Any CPU.Build.0 = Release|Any CPU
		{5C79ADED-0BFA-41DB-8E9E-BE0ECEFB6A94}.Debug|Any CPU.ActiveCfg = Debug|Any CPU
		{5C79ADED-0BFA-41DB-8E9E-BE0ECEFB6A94}.Debug|Any CPU.Build.0 = Debug|Any CPU
		{5C79ADED-0BFA-41DB-8E9E-BE0ECEFB6A94}.Release|Any CPU.ActiveCfg = Release|Any CPU
		{5C79ADED-0BFA-41DB-8E9E-BE0ECEFB6A94}.Release|Any CPU.Build.0 = Release|Any CPU
		{D06746BB-554F-45A7-BC67-5C9080995EF5}.Debug|Any CPU.ActiveCfg = Debug|Any CPU
		{D06746BB-554F-45A7-BC67-5C9080995EF5}.Debug|Any CPU.Build.0 = Debug|Any CPU
		{D06746BB-554F-45A7-BC67-5C9080995EF5}.Release|Any CPU.ActiveCfg = Release|Any CPU
		{D06746BB-554F-45A7-BC67-5C9080995EF5}.Release|Any CPU.Build.0 = Release|Any CPU
		{6B28851B-AB42-46F4-966F-A71CC8EBFD41}.Debug|Any CPU.ActiveCfg = Debug|Any CPU
		{6B28851B-AB42-46F4-966F-A71CC8EBFD41}.Debug|Any CPU.Build.0 = Debug|Any CPU
		{6B28851B-AB42-46F4-966F-A71CC8EBFD41}.Release|Any CPU.ActiveCfg = Release|Any CPU
		{6B28851B-AB42-46F4-966F-A71CC8EBFD41}.Release|Any CPU.Build.0 = Release|Any CPU
		{D574E3CD-B4F8-45E5-8200-C08283ACAA0E}.Debug|Any CPU.ActiveCfg = Debug|Any CPU
		{D574E3CD-B4F8-45E5-8200-C08283ACAA0E}.Debug|Any CPU.Build.0 = Debug|Any CPU
		{D574E3CD-B4F8-45E5-8200-C08283ACAA0E}.Release|Any CPU.ActiveCfg = Release|Any CPU
		{D574E3CD-B4F8-45E5-8200-C08283ACAA0E}.Release|Any CPU.Build.0 = Release|Any CPU
		{DE595A06-B97A-44FA-B23F-F0C5C4B9161B}.Debug|Any CPU.ActiveCfg = Debug|Any CPU
		{DE595A06-B97A-44FA-B23F-F0C5C4B9161B}.Debug|Any CPU.Build.0 = Debug|Any CPU
		{DE595A06-B97A-44FA-B23F-F0C5C4B9161B}.Release|Any CPU.ActiveCfg = Release|Any CPU
		{DE595A06-B97A-44FA-B23F-F0C5C4B9161B}.Release|Any CPU.Build.0 = Release|Any CPU
		{D725ECDF-2EF1-4123-BCC3-3F080F12B18E}.Debug|Any CPU.ActiveCfg = Debug|Any CPU
		{D725ECDF-2EF1-4123-BCC3-3F080F12B18E}.Debug|Any CPU.Build.0 = Debug|Any CPU
		{D725ECDF-2EF1-4123-BCC3-3F080F12B18E}.Release|Any CPU.ActiveCfg = Release|Any CPU
		{D725ECDF-2EF1-4123-BCC3-3F080F12B18E}.Release|Any CPU.Build.0 = Release|Any CPU
		{68E29C55-693F-4E33-8F7C-7C2CD27A9F8F}.Debug|Any CPU.ActiveCfg = Debug|Any CPU
		{68E29C55-693F-4E33-8F7C-7C2CD27A9F8F}.Debug|Any CPU.Build.0 = Debug|Any CPU
		{68E29C55-693F-4E33-8F7C-7C2CD27A9F8F}.Release|Any CPU.ActiveCfg = Release|Any CPU
		{68E29C55-693F-4E33-8F7C-7C2CD27A9F8F}.Release|Any CPU.Build.0 = Release|Any CPU
		{806197AE-163A-40B2-9413-B2C08F14DA1B}.Debug|Any CPU.ActiveCfg = Debug|Any CPU
		{806197AE-163A-40B2-9413-B2C08F14DA1B}.Debug|Any CPU.Build.0 = Debug|Any CPU
		{806197AE-163A-40B2-9413-B2C08F14DA1B}.Release|Any CPU.ActiveCfg = Release|Any CPU
		{806197AE-163A-40B2-9413-B2C08F14DA1B}.Release|Any CPU.Build.0 = Release|Any CPU
		{575D5E5E-3171-4FFD-9F23-D69BD969DD94}.Debug|Any CPU.ActiveCfg = Debug|Any CPU
		{575D5E5E-3171-4FFD-9F23-D69BD969DD94}.Debug|Any CPU.Build.0 = Debug|Any CPU
		{575D5E5E-3171-4FFD-9F23-D69BD969DD94}.Release|Any CPU.ActiveCfg = Release|Any CPU
		{575D5E5E-3171-4FFD-9F23-D69BD969DD94}.Release|Any CPU.Build.0 = Release|Any CPU
	EndGlobalSection
	GlobalSection(SolutionProperties) = preSolution
		HideSolutionNode = FALSE
	EndGlobalSection
	GlobalSection(NestedProjects) = preSolution
		{4105179B-4AEB-4D08-911B-3F736598178B} = {1D898EB9-C526-4454-9EA0-DBA2AEF04FA6}
		{5C79ADED-0BFA-41DB-8E9E-BE0ECEFB6A94} = {96735359-EC60-4A0F-AD11-E85F84D4BBBB}
		{D06746BB-554F-45A7-BC67-5C9080995EF5} = {1D898EB9-C526-4454-9EA0-DBA2AEF04FA6}
		{6B28851B-AB42-46F4-966F-A71CC8EBFD41} = {1D898EB9-C526-4454-9EA0-DBA2AEF04FA6}
		{D574E3CD-B4F8-45E5-8200-C08283ACAA0E} = {1D898EB9-C526-4454-9EA0-DBA2AEF04FA6}
		{DE595A06-B97A-44FA-B23F-F0C5C4B9161B} = {79C22248-18D0-45D8-92CD-98532DFDFD77}
		{D725ECDF-2EF1-4123-BCC3-3F080F12B18E} = {1D898EB9-C526-4454-9EA0-DBA2AEF04FA6}
		{68E29C55-693F-4E33-8F7C-7C2CD27A9F8F} = {1D898EB9-C526-4454-9EA0-DBA2AEF04FA6}
		{806197AE-163A-40B2-9413-B2C08F14DA1B} = {1D898EB9-C526-4454-9EA0-DBA2AEF04FA6}
		{575D5E5E-3171-4FFD-9F23-D69BD969DD94} = {94B354C8-1B1D-4A46-A7B0-A85D15C8404E}
	EndGlobalSection
	GlobalSection(ExtensibilityGlobals) = postSolution
		SolutionGuid = {927FD7B3-5955-4AF4-A612-87FDEF431714}
	EndGlobalSection
EndGlobal
